{
  "name": "modular-monorepo-example",
  "lockfileVersion": 3,
  "requires": true,
  "packages": {
    "": {
      "name": "modular-monorepo-example",
      "workspaces": [
        "apps/*"
      ],
      "dependencies": {
        "@steada1995/confio": "file:../.."
      }
    },
    "../..": {
      "name": "@steada1995/confio",
      "version": "0.1.0",
      "license": "MIT",
      "engines": {
        "node": ">=18"
      }
    },
    "apps/api": {
      "dependencies": {
        "@steada1995/confio": "file:../../../.."
      }
    },
    "apps/worker": {
      "dependencies": {
        "@steada1995/confio": "file:../../../.."
      }
    },
    "node_modules/@steada1995/confio": {
      "resolved": "../..",
      "link": true
    },
    "node_modules/api": {
      "resolved": "apps/api",
      "link": true
    },
    "node_modules/worker": {
      "resolved": "apps/worker",
      "link": true
    }
  }
}
