lockfileVersion: '9.0'

settings:
  autoInstallPeers: true
  excludeLinksFromLockfile: false
  injectWorkspacePackages: true

importers:

  .: {}

  config: {}

  services/api:
    dependencies:
      '@example/config':
        specifier: workspace:*
        version: link:../../config
      '@steada1995/confio':
        specifier: file:../../../..
        version: file:../..

  services/billing:
    dependencies:
      '@example/config':
        specifier: workspace:*
        version: link:../../config
      '@steada1995/confio':
        specifier: file:../../../..
        version: file:../..

packages:

  '@steada1995/confio@file:../..':
    resolution: {directory: ../.., type: directory}
    engines: {node: '>=18'}

snapshots:

  '@steada1995/confio@file:../..': {}
